
Microsoft Visual Studio Solution File, Format Version 12.00
# Visual Studio Version 16
VisualStudioVersion = 16.0.29911.84
MinimumVisualStudioVersion = 15.0.26124.0
Project("{9A19103F-16F7-4668-BE54-9A1E7A4F7556}") = "AppWinFormsCli", "AppWinFormsCli\AppWinFormsCli.csproj", "{DF1F798E-CFF1-4706-8CCF-D77331C6F172}"
EndProject
Project("{9A19103F-16F7-4668-BE54-9A1E7A4F7556}") = "AppWPFCli", "AppWPFCli\AppWPFCli.csproj", "{DF320AF2-3BD4-469D-A30C-4A4FC4B64AAE}"
EndProject
Global
	GlobalSection(SolutionConfigurationPlatforms) = preSolution
		Debug|Any CPU = Debug|Any CPU
		Debug|x64 = Debug|x64
		Debug|x86 = Debug|x86
		Release|Any CPU = Release|Any CPU
		Release|x64 = Release|x64
		Release|x86 = Release|x86
	EndGlobalSection
	GlobalSection(ProjectConfigurationPlatforms) = postSolution
		{DF1F798E-CFF1-4706-8CCF-D77331C6F172}.Debug|Any CPU.ActiveCfg = Debug|Any CPU
		{DF1F798E-CFF1-4706-8CCF-D77331C6F172}.Debug|Any CPU.Build.0 = Debug|Any CPU
		{DF1F798E-CFF1-4706-8CCF-D77331C6F172}.Debug|x64.ActiveCfg = Debug|Any CPU
		{DF1F798E-CFF1-4706-8CCF-D77331C6F172}.Debug|x64.Build.0 = Debug|Any CPU
		{DF1F798E-CFF1-4706-8CCF-D77331C6F172}.Debug|x86.ActiveCfg = Debug|Any CPU
		{DF1F798E-CFF1-4706-8CCF-D77331C6F172}.Debug|x86.Build.0 = Debug|Any CPU
		{DF1F798E-CFF1-4706-8CCF-D77331C6F172}.Release|Any CPU.ActiveCfg = Release|Any CPU
		{DF1F798E-CFF1-4706-8CCF-D77331C6F172}.Release|Any CPU.Build.0 = Release|Any CPU
		{DF1F798E-CFF1-4706-8CCF-D77331C6F172}.Release|x64.ActiveCfg = Release|Any CPU
		{DF1F798E-CFF1-4706-8CCF-D77331C6F172}.Release|x64.Build.0 = Release|Any CPU
		{DF1F798E-CFF1-4706-8CCF-D77331C6F172}.Release|x86.ActiveCfg = Release|Any CPU
		{DF1F798E-CFF1-4706-8CCF-D77331C6F172}.Release|x86.Build.0 = Release|Any CPU
		{DF320AF2-3BD4-469D-A30C-4A4FC4B64AAE}.Debug|Any CPU.ActiveCfg = Debug|Any CPU
		{DF320AF2-3BD4-469D-A30C-4A4FC4B64AAE}.Debug|Any CPU.Build.0 = Debug|Any CPU
		{DF320AF2-3BD4-469D-A30C-4A4FC4B64AAE}.Debug|x64.ActiveCfg = Debug|Any CPU
		{DF320AF2-3BD4-469D-A30C-4A4FC4B64AAE}.Debug|x64.Build.0 = Debug|Any CPU
		{DF320AF2-3BD4-469D-A30C-4A4FC4B64AAE}.Debug|x86.ActiveCfg = Debug|Any CPU
		{DF320AF2-3BD4-469D-A30C-4A4FC4B64AAE}.Debug|x86.Build.0 = Debug|Any CPU
		{DF320AF2-3BD4-469D-A30C-4A4FC4B64AAE}.Release|Any CPU.ActiveCfg = Release|Any CPU
		{DF320AF2-3BD4-469D-A30C-4A4FC4B64AAE}.Release|Any CPU.Build.0 = Release|Any CPU
		{DF320AF2-3BD4-469D-A30C-4A4FC4B64AAE}.Release|x64.ActiveCfg = Release|Any CPU
		{DF320AF2-3BD4-469D-A30C-4A4FC4B64AAE}.Release|x64.Build.0 = Release|Any CPU
		{DF320AF2-3BD4-469D-A30C-4A4FC4B64AAE}.Release|x86.ActiveCfg = Release|Any CPU
		{DF320AF2-3BD4-469D-A30C-4A4FC4B64AAE}.Release|x86.Build.0 = Release|Any CPU
	EndGlobalSection
	GlobalSection(SolutionProperties) = preSolution
		HideSolutionNode = FALSE
	EndGlobalSection
	GlobalSection(ExtensibilityGlobals) = postSolution
		SolutionGuid = {4271D940-5EFC-402B-A356-303717BCD7BF}
	EndGlobalSection
EndGlobal
